
Microsoft Visual Studio Solution File, Format Version 12.00
# Visual Studio Version 17
VisualStudioVersion = 17.0.31912.275
MinimumVisualStudioVersion = 10.0.40219.1
Project("{FAE04EC0-301F-11D3-BF4B-00C04F79EFBC}") = "05200000096-proje-1-odev-2", "05200000096-proje-1-odev-2\05200000096-proje-1-odev-2.csproj", "{BAFA0DB2-7C2F-4973-8143-BDA6DE673D15}"
EndProject
Global
	GlobalSection(SolutionConfigurationPlatforms) = preSolution
		Debug|Any CPU = Debug|Any CPU
		Release|Any CPU = Release|Any CPU
	EndGlobalSection
	GlobalSection(ProjectConfigurationPlatforms) = postSolution
		{BAFA0DB2-7C2F-4973-8143-BDA6DE673D15}.Debug|Any CPU.ActiveCfg = Debug|Any CPU
		{BAFA0DB2-7C2F-4973-8143-BDA6DE673D15}.Debug|Any CPU.Build.0 = Debug|Any CPU
		{BAFA0DB2-7C2F-4973-8143-BDA6DE673D15}.Release|Any CPU.ActiveCfg = Release|Any CPU
		{BAFA0DB2-7C2F-4973-8143-BDA6DE673D15}.Release|Any CPU.Build.0 = Release|Any CPU
	EndGlobalSection
	GlobalSection(SolutionProperties) = preSolution
		HideSolutionNode = FALSE
	EndGlobalSection
	GlobalSection(ExtensibilityGlobals) = postSolution
		SolutionGuid = {D0C33E0E-0D92-4138-9380-3ED831A28D50}
	EndGlobalSection
EndGlobal
